
Microsoft Visual Studio Solution File, Format Version 12.00
# Visual Studio Version 17
VisualStudioVersion = 17.14.36414.22 d17.14
MinimumVisualStudioVersion = 10.0.40219.1
Project("{FAE04EC0-301F-11D3-BF4B-00C04F79EFBC}") = "practica en equipo S2", "practica en equipo S2\practica en equipo S2.csproj", "{62B2A614-238A-48B4-8604-A5630780E7F1}"
EndProject
Project("{FAE04EC0-301F-11D3-BF4B-00C04F79EFBC}") = "ejercicio10", "ejercicio10\ejercicio10.csproj", "{677397AF-5621-4CE3-AFBC-0AAE42056B26}"
EndProject
Project("{FAE04EC0-301F-11D3-BF4B-00C04F79EFBC}") = "Ejercico9", "Ejercico9\Ejercico9.csproj", "{941B9D20-C47F-4CD2-934A-17EE7AB52770}"
EndProject
Global
	GlobalSection(SolutionConfigurationPlatforms) = preSolution
		Debug|Any CPU = Debug|Any CPU
		Release|Any CPU = Release|Any CPU
	EndGlobalSection
	GlobalSection(ProjectConfigurationPlatforms) = postSolution
		{62B2A614-238A-48B4-8604-A5630780E7F1}.Debug|Any CPU.ActiveCfg = Debug|Any CPU
		{62B2A614-238A-48B4-8604-A5630780E7F1}.Debug|Any CPU.Build.0 = Debug|Any CPU
		{62B2A614-238A-48B4-8604-A5630780E7F1}.Release|Any CPU.ActiveCfg = Release|Any CPU
		{62B2A614-238A-48B4-8604-A5630780E7F1}.Release|Any CPU.Build.0 = Release|Any CPU
		{677397AF-5621-4CE3-AFBC-0AAE42056B26}.Debug|Any CPU.ActiveCfg = Debug|Any CPU
		{677397AF-5621-4CE3-AFBC-0AAE42056B26}.Debug|Any CPU.Build.0 = Debug|Any CPU
		{677397AF-5621-4CE3-AFBC-0AAE42056B26}.Release|Any CPU.ActiveCfg = Release|Any CPU
		{677397AF-5621-4CE3-AFBC-0AAE42056B26}.Release|Any CPU.Build.0 = Release|Any CPU
		{941B9D20-C47F-4CD2-934A-17EE7AB52770}.Debug|Any CPU.ActiveCfg = Debug|Any CPU
		{941B9D20-C47F-4CD2-934A-17EE7AB52770}.Debug|Any CPU.Build.0 = Debug|Any CPU
		{941B9D20-C47F-4CD2-934A-17EE7AB52770}.Release|Any CPU.ActiveCfg = Release|Any CPU
		{941B9D20-C47F-4CD2-934A-17EE7AB52770}.Release|Any CPU.Build.0 = Release|Any CPU
	EndGlobalSection
	GlobalSection(SolutionProperties) = preSolution
		HideSolutionNode = FALSE
	EndGlobalSection
	GlobalSection(ExtensibilityGlobals) = postSolution
		SolutionGuid = {1C079625-750C-4E36-99A7-207BA140A801}
	EndGlobalSection
EndGlobal
