
Microsoft Visual Studio Solution File, Format Version 12.00
# Visual Studio Version 17
VisualStudioVersion = 17.14.36414.22 d17.14
MinimumVisualStudioVersion = 10.0.40219.1
Project("{FAE04EC0-301F-11D3-BF4B-00C04F79EFBC}") = "ModuloLibrery", "ModuloLibrery\ModuloLibrery.csproj", "{D0133310-7D8A-46DE-9CA0-BA7BE7E73273}"
EndProject
Project("{FAE04EC0-301F-11D3-BF4B-00C04F79EFBC}") = "MatriculaApp", "MatriculaApp\MatriculaApp.csproj", "{C8F38496-9FF6-4CA0-ABD1-B114AB5E429E}"
EndProject
Global
	GlobalSection(SolutionConfigurationPlatforms) = preSolution
		Debug|Any CPU = Debug|Any CPU
		Release|Any CPU = Release|Any CPU
	EndGlobalSection
	GlobalSection(ProjectConfigurationPlatforms) = postSolution
		{D0133310-7D8A-46DE-9CA0-BA7BE7E73273}.Debug|Any CPU.ActiveCfg = Debug|Any CPU
		{D0133310-7D8A-46DE-9CA0-BA7BE7E73273}.Debug|Any CPU.Build.0 = Debug|Any CPU
		{D0133310-7D8A-46DE-9CA0-BA7BE7E73273}.Release|Any CPU.ActiveCfg = Release|Any CPU
		{D0133310-7D8A-46DE-9CA0-BA7BE7E73273}.Release|Any CPU.Build.0 = Release|Any CPU
		{C8F38496-9FF6-4CA0-ABD1-B114AB5E429E}.Debug|Any CPU.ActiveCfg = Debug|Any CPU
		{C8F38496-9FF6-4CA0-ABD1-B114AB5E429E}.Debug|Any CPU.Build.0 = Debug|Any CPU
		{C8F38496-9FF6-4CA0-ABD1-B114AB5E429E}.Release|Any CPU.ActiveCfg = Release|Any CPU
		{C8F38496-9FF6-4CA0-ABD1-B114AB5E429E}.Release|Any CPU.Build.0 = Release|Any CPU
	EndGlobalSection
	GlobalSection(SolutionProperties) = preSolution
		HideSolutionNode = FALSE
	EndGlobalSection
	GlobalSection(ExtensibilityGlobals) = postSolution
		SolutionGuid = {C5345530-33DB-441F-A106-0E0CB90E5EB8}
	EndGlobalSection
EndGlobal
