
Microsoft Visual Studio Solution File, Format Version 12.00
# Visual Studio Version 17
VisualStudioVersion = 17.14.36414.22 d17.14
MinimumVisualStudioVersion = 10.0.40219.1
Project("{FAE04EC0-301F-11D3-BF4B-00C04F79EFBC}") = "FuncionConsola", "FuncionConsola\FuncionConsola.csproj", "{8A615E6B-BB94-4033-BD39-41817FD93828}"
EndProject
Project("{FAE04EC0-301F-11D3-BF4B-00C04F79EFBC}") = "Funcion", "Funcion\Funcion.csproj", "{1C35E81A-B4F7-4A8B-BDF4-9C5A2C53057B}"
EndProject
Project("{FAE04EC0-301F-11D3-BF4B-00C04F79EFBC}") = "Calculo", "Calculo\Calculo.csproj", "{CDFDECFC-F5AC-4D92-996E-2B8A74B01A93}"
EndProject
Global
	GlobalSection(SolutionConfigurationPlatforms) = preSolution
		Debug|Any CPU = Debug|Any CPU
		Release|Any CPU = Release|Any CPU
	EndGlobalSection
	GlobalSection(ProjectConfigurationPlatforms) = postSolution
		{8A615E6B-BB94-4033-BD39-41817FD93828}.Debug|Any CPU.ActiveCfg = Debug|Any CPU
		{8A615E6B-BB94-4033-BD39-41817FD93828}.Debug|Any CPU.Build.0 = Debug|Any CPU
		{8A615E6B-BB94-4033-BD39-41817FD93828}.Release|Any CPU.ActiveCfg = Release|Any CPU
		{8A615E6B-BB94-4033-BD39-41817FD93828}.Release|Any CPU.Build.0 = Release|Any CPU
		{1C35E81A-B4F7-4A8B-BDF4-9C5A2C53057B}.Debug|Any CPU.ActiveCfg = Debug|Any CPU
		{1C35E81A-B4F7-4A8B-BDF4-9C5A2C53057B}.Debug|Any CPU.Build.0 = Debug|Any CPU
		{1C35E81A-B4F7-4A8B-BDF4-9C5A2C53057B}.Release|Any CPU.ActiveCfg = Release|Any CPU
		{1C35E81A-B4F7-4A8B-BDF4-9C5A2C53057B}.Release|Any CPU.Build.0 = Release|Any CPU
		{CDFDECFC-F5AC-4D92-996E-2B8A74B01A93}.Debug|Any CPU.ActiveCfg = Debug|Any CPU
		{CDFDECFC-F5AC-4D92-996E-2B8A74B01A93}.Debug|Any CPU.Build.0 = Debug|Any CPU
		{CDFDECFC-F5AC-4D92-996E-2B8A74B01A93}.Release|Any CPU.ActiveCfg = Release|Any CPU
		{CDFDECFC-F5AC-4D92-996E-2B8A74B01A93}.Release|Any CPU.Build.0 = Release|Any CPU
	EndGlobalSection
	GlobalSection(SolutionProperties) = preSolution
		HideSolutionNode = FALSE
	EndGlobalSection
	GlobalSection(ExtensibilityGlobals) = postSolution
		SolutionGuid = {8F955A68-5E25-4B15-B949-C7E993E464E0}
	EndGlobalSection
EndGlobal
